// !$*UTF8*$!
{
	archiveVersion = 1;
	classes = {
	};
	objectVersion = 50;
	objects = {

/* Begin PBXBuildFile section */
		062CD0CA21E6DC1E00CB24FB /* AppDelegate.m in Sources */ = {isa = PBXBuildFile; fileRef = 062CD0C921E6DC1E00CB24FB /* AppDelegate.m */; };
		062CD0CD21E6DC1E00CB24FB /* ViewController.m in Sources */ = {isa = PBXBuildFile; fileRef = 062CD0CC21E6DC1E00CB24FB /* ViewController.m */; };
		062CD0D021E6DC1E00CB24FB /* Main.storyboard in Resources */ = {isa = PBXBuildFile; fileRef = 062CD0CE21E6DC1E00CB24FB /* Main.storyboard */; };
		062CD0D221E6DC2000CB24FB /* Assets.xcassets in Resources */ = {isa = PBXBuildFile; fileRef = 062CD0D121E6DC2000CB24FB /* Assets.xcassets */; };
		062CD0D521E6DC2000CB24FB /* LaunchScreen.storyboard in Resources */ = {isa = PBXBuildFile; fileRef = 062CD0D321E6DC2000CB24FB /* LaunchScreen.storyboard */; };
		062CD0D821E6DC2000CB24FB /* main.m in Sources */ = {isa = PBXBuildFile; fileRef = 062CD0D721E6DC2000CB24FB /* main.m */; };
		062CD0E021E6DC5C00CB24FB /* ZBTouchSizeButton.m in Sources */ = {isa = PBXBuildFile; fileRef = 062CD0DE21E6DC5C00CB24FB /* ZBTouchSizeButton.m */; };
/* End PBXBuildFile section */

/* Begin PBXFileReference section */
		062CD0C521E6DC1E00CB24FB /* 扩大按钮响应区域.app */ = {isa = PBXFileReference; explicitFileType = wrapper.application; includeInIndex = 0; path = "扩大按钮响应区域.app"; sourceTree = BUILT_PRODUCTS_DIR; };
		062CD0C821E6DC1E00CB24FB /* AppDelegate.h */ = {isa = PBXFileReference; lastKnownFileType = sourcecode.c.h; path = AppDelegate.h; sourceTree = "<group>"; };
		062CD0C921E6DC1E00CB24FB /* AppDelegate.m */ = {isa = PBXFileReference; lastKnownFileType = sourcecode.c.objc; path = AppDelegate.m; sourceTree = "<group>"; };
		062CD0CB21E6DC1E00CB24FB /* ViewController.h */ = {isa = PBXFileReference; lastKnownFileType = sourcecode.c.h; path = ViewController.h; sourceTree = "<group>"; };
		062CD0CC21E6DC1E00CB24FB /* ViewController.m */ = {isa = PBXFileReference; lastKnownFileType = sourcecode.c.objc; path = ViewController.m; sourceTree = "<group>"; };
		062CD0CF21E6DC1E00CB24FB /* Base */ = {isa = PBXFileReference; lastKnownFileType = file.storyboard; name = Base; path = Base.lproj/Main.storyboard; sourceTree = "<group>"; };
		062CD0D121E6DC2000CB24FB /* Assets.xcassets */ = {isa = PBXFileReference; lastKnownFileType = folder.assetcatalog; path = Assets.xcassets; sourceTree = "<group>"; };
		062CD0D421E6DC2000CB24FB /* Base */ = {isa = PBXFileReference; lastKnownFileType = file.storyboard; name = Base; path = Base.lproj/LaunchScreen.storyboard; sourceTree = "<group>"; };
		062CD0D621E6DC2000CB24FB /* Info.plist */ = {isa = PBXFileReference; lastKnownFileType = text.plist.xml; path = Info.plist; sourceTree = "<group>"; };
		062CD0D721E6DC2000CB24FB /* main.m */ = {isa = PBXFileReference; lastKnownFileType = sourcecode.c.objc; path = main.m; sourceTree = "<group>"; };
		062CD0DE21E6DC5C00CB24FB /* ZBTouchSizeButton.m */ = {isa = PBXFileReference; fileEncoding = 4; lastKnownFileType = sourcecode.c.objc; path = ZBTouchSizeButton.m; sourceTree = "<group>"; };
		062CD0DF21E6DC5C00CB24FB /* ZBTouchSizeButton.h */ = {isa = PBXFileReference; fileEncoding = 4; lastKnownFileType = sourcecode.c.h; path = ZBTouchSizeButton.h; sourceTree = "<group>"; };
/* End PBXFileReference section */

/* Begin PBXFrameworksBuildPhase section */
		062CD0C221E6DC1E00CB24FB /* Frameworks */ = {
			isa = PBXFrameworksBuildPhase;
			buildActionMask = 2147483647;
			files = (
			);
			runOnlyForDeploymentPostprocessing = 0;
		};
/* End PBXFrameworksBuildPhase section */

/* Begin PBXGroup section */
		062CD0BC21E6DC1E00CB24FB = {
			isa = PBXGroup;
			children = (
				062CD0C721E6DC1E00CB24FB /* 扩大按钮响应区域 */,
				062CD0C621E6DC1E00CB24FB /* Products */,
			);
			sourceTree = "<group>";
		};
		062CD0C621E6DC1E00CB24FB /* Products */ = {
			isa = PBXGroup;
			children = (
				062CD0C521E6DC1E00CB24FB /* 扩大按钮响应区域.app */,
			);
			name = Products;
			sourceTree = "<group>";
		};
		062CD0C721E6DC1E00CB24FB /* 扩大按钮响应区域 */ = {
			isa = PBXGroup;
			children = (
				062CD0DF21E6DC5C00CB24FB /* ZBTouchSizeButton.h */,
				062CD0DE21E6DC5C00CB24FB /* ZBTouchSizeButton.m */,
				062CD0C821E6DC1E00CB24FB /* AppDelegate.h */,
				062CD0C921E6DC1E00CB24FB /* AppDelegate.m */,
				062CD0CB21E6DC1E00CB24FB /* ViewController.h */,
				062CD0CC21E6DC1E00CB24FB /* ViewController.m */,
				062CD0CE21E6DC1E00CB24FB /* Main.storyboard */,
				062CD0D121E6DC2000CB24FB /* Assets.xcassets */,
				062CD0D321E6DC2000CB24FB /* LaunchScreen.storyboard */,
				062CD0D621E6DC2000CB24FB /* Info.plist */,
				062CD0D721E6DC2000CB24FB /* main.m */,
			);
			path = "扩大按钮响应区域";
			sourceTree = "<group>";
		};
/* End PBXGroup section */

/* Begin PBXNativeTarget section */
		062CD0C421E6DC1E00CB24FB /* 扩大按钮响应区域 */ = {
			isa = PBXNativeTarget;
			buildConfigurationList = 062CD0DB21E6DC2000CB24FB /* Build configuration list for PBXNativeTarget "扩大按钮响应区域" */;
			buildPhases = (
				062CD0C121E6DC1E00CB24FB /* Sources */,
				062CD0C221E6DC1E00CB24FB /* Frameworks */,
				062CD0C321E6DC1E00CB24FB /* Resources */,
			);
			buildRules = (
			);
			dependencies = (
			);
			name = "扩大按钮响应区域";
			productName = "扩大按钮响应区域";
			productReference = 062CD0C521E6DC1E00CB24FB /* 扩大按钮响应区域.app */;
			productType = "com.apple.product-type.application";
		};
/* End PBXNativeTarget section */

/* Begin PBXProject section */
		062CD0BD21E6DC1E00CB24FB /* Project object */ = {
			isa = PBXProject;
			attributes = {
				LastUpgradeCheck = 1000;
				ORGANIZATIONNAME = pactera_hui;
				TargetAttributes = {
					062CD0C421E6DC1E00CB24FB = {
						CreatedOnToolsVersion = 10.0;
					};
				};
			};
			buildConfigurationList = 062CD0C021E6DC1E00CB24FB /* Build configuration list for PBXProject "扩大按钮响应区域" */;
			compatibilityVersion = "Xcode 9.3";
			developmentRegion = en;
			hasScannedForEncodings = 0;
			knownRegions = (
				en,
				Base,
			);
			mainGroup = 062CD0BC21E6DC1E00CB24FB;
			productRefGroup = 062CD0C621E6DC1E00CB24FB /* Products */;
			projectDirPath = "";
			projectRoot = "";
			targets = (
				062CD0C421E6DC1E00CB24FB /* 扩大按钮响应区域 */,
			);
		};
/* End PBXProject section */

/* Begin PBXResourcesBuildPhase section */
		062CD0C321E6DC1E00CB24FB /* Resources */ = {
			isa = PBXResourcesBuildPhase;
			buildActionMask = 2147483647;
			files = (
				062CD0D521E6DC2000CB24FB /* LaunchScreen.storyboard in Resources */,
				062CD0D221E6DC2000CB24FB /* Assets.xcassets in Resources */,
				062CD0D021E6DC1E00CB24FB /* Main.storyboard in Resources */,
			);
			runOnlyForDeploymentPostprocessing = 0;
		};
/* End PBXResourcesBuildPhase section */

/* Begin PBXSourcesBuildPhase section */
		062CD0C121E6DC1E00CB24FB /* Sources */ = {
			isa = PBXSourcesBuildPhase;
			buildActionMask = 2147483647;
			files = (
				062CD0E021E6DC5C00CB24FB /* ZBTouchSizeButton.m in Sources */,
				062CD0CD21E6DC1E00CB24FB /* ViewController.m in Sources */,
				062CD0D821E6DC2000CB24FB /* main.m in Sources */,
				062CD0CA21E6DC1E00CB24FB /* AppDelegate.m in Sources */,
			);
			runOnlyForDeploymentPostprocessing = 0;
		};
/* End PBXSourcesBuildPhase section */

/* Begin PBXVariantGroup section */
		062CD0CE21E6DC1E00CB24FB /* Main.storyboard */ = {
			isa = PBXVariantGroup;
			children = (
				062CD0CF21E6DC1E00CB24FB /* Base */,
			);
			name = Main.storyboard;
			sourceTree = "<group>";
		};
		062CD0D321E6DC2000CB24FB /* LaunchScreen.storyboard */ = {
			isa = PBXVariantGroup;
			children = (
				062CD0D421E6DC2000CB24FB /* Base */,
			);
			name = LaunchScreen.storyboard;
			sourceTree = "<group>";
		};
/* End PBXVariantGroup section */

/* Begin XCBuildConfiguration section */
		062CD0D921E6DC2000CB24FB /* Debug */ = {
			isa = XCBuildConfiguration;
			buildSettings = {
				ALWAYS_SEARCH_USER_PATHS = NO;
				CLANG_ANALYZER_NONNULL = YES;
				CLANG_ANALYZER_NUMBER_OBJECT_CONVERSION = YES_AGGRESSIVE;
				CLANG_CXX_LANGUAGE_STANDARD = "gnu++14";
				CLANG_CXX_LIBRARY = "libc++";
				CLANG_ENABLE_MODULES = YES;
				CLANG_ENABLE_OBJC_ARC = YES;
				CLANG_ENABLE_OBJC_WEAK = YES;
				CLANG_WARN_BLOCK_CAPTURE_AUTORELEASING = YES;
				CLANG_WARN_BOOL_CONVERSION = YES;
				CLANG_WARN_COMMA = YES;
				CLANG_WARN_CONSTANT_CONVERSION = YES;
				CLANG_WARN_DEPRECATED_OBJC_IMPLEMENTATIONS = YES;
				CLANG_WARN_DIRECT_OBJC_ISA_USAGE = YES_ERROR;
				CLANG_WARN_DOCUMENTATION_COMMENTS = YES;
				CLANG_WARN_EMPTY_BODY = YES;
				CLANG_WARN_ENUM_CONVERSION = YES;
				CLANG_WARN_INFINITE_RECURSION = YES;
				CLANG_WARN_INT_CONVERSION = YES;
				CLANG_WARN_NON_LITERAL_NULL_CONVERSION = YES;
				CLANG_WARN_OBJC_IMPLICIT_RETAIN_SELF = YES;
				CLANG_WARN_OBJC_LITERAL_CONVERSION = YES;
				CLANG_WARN_OBJC_ROOT_CLASS = YES_ERROR;
				CLANG_WARN_RANGE_LOOP_ANALYSIS = YES;
				CLANG_WARN_STRICT_PROTOTYPES = YES;
				CLANG_WARN_SUSPICIOUS_MOVE = YES;
				CLANG_WARN_UNGUARDED_AVAILABILITY = YES_AGGRESSIVE;
				CLANG_WARN_UNREACHABLE_CODE = YES;
				CLANG_WARN__DUPLICATE_METHOD_MATCH = YES;
				CODE_SIGN_IDENTITY = "iPhone Developer";
				COPY_PHASE_STRIP = NO;
				DEBUG_INFORMATION_FORMAT = dwarf;
				ENABLE_STRICT_OBJC_MSGSEND = YES;
				ENABLE_TESTABILITY = YES;
				GCC_C_LANGUAGE_STANDARD = gnu11;
				GCC_DYNAMIC_NO_PIC = NO;
				GCC_NO_COMMON_BLOCKS = YES;
				GCC_OPTIMIZATION_LEVEL = 0;
				GCC_PREPROCESSOR_DEFINITIONS = (
					"DEBUG=1",
					"$(inherited)",
				);
				GCC_WARN_64_TO_32_BIT_CONVERSION = YES;
				GCC_WARN_ABOUT_RETURN_TYPE = YES_ERROR;
				GCC_WARN_UNDECLARED_SELECTOR = YES;
				GCC_WARN_UNINITIALIZED_AUTOS = YES_AGGRESSIVE;
				GCC_WARN_UNUSED_FUNCTION = YES;
				GCC_WARN_UNUSED_VARIABLE = YES;
				IPHONEOS_DEPLOYMENT_TARGET = 12.0;
				MTL_ENABLE_DEBUG_INFO = INCLUDE_SOURCE;
				MTL_FAST_MATH = YES;
				ONLY_ACTIVE_ARCH = YES;
				SDKROOT = iphoneos;
			};
			name = Debug;
		};
		062CD0DA21E6DC2000CB24FB /* Release */ = {
			isa = XCBuildConfiguration;
			buildSettings = {
				ALWAYS_SEARCH_USER_PATHS = NO;
				CLANG_ANALYZER_NONNULL = YES;
				CLANG_ANALYZER_NUMBER_OBJECT_CONVERSION = YES_AGGRESSIVE;
				CLANG_CXX_LANGUAGE_STANDARD = "gnu++14";
				CLANG_CXX_LIBRARY = "libc++";
				CLANG_ENABLE_MODULES = YES;
				CLANG_ENABLE_OBJC_ARC = YES;
				CLANG_ENABLE_OBJC_WEAK = YES;
				CLANG_WARN_BLOCK_CAPTURE_AUTORELEASING = YES;
				CLANG_WARN_BOOL_CONVERSION = YES;
				CLANG_WARN_COMMA = YES;
				CLANG_WARN_CONSTANT_CONVERSION = YES;
				CLANG_WARN_DEPRECATED_OBJC_IMPLEMENTATIONS = YES;
				CLANG_WARN_DIRECT_OBJC_ISA_USAGE = YES_ERROR;
				CLANG_WARN_DOCUMENTATION_COMMENTS = YES;
				CLANG_WARN_EMPTY_BODY = YES;
				CLANG_WARN_ENUM_CONVERSION = YES;
				CLANG_WARN_INFINITE_RECURSION = YES;
				CLANG_WARN_INT_CONVERSION = YES;
				CLANG_WARN_NON_LITERAL_NULL_CONVERSION = YES;
				CLANG_WARN_OBJC_IMPLICIT_RETAIN_SELF = YES;
				CLANG_WARN_OBJC_LITERAL_CONVERSION = YES;
				CLANG_WARN_OBJC_ROOT_CLASS = YES_ERROR;
				CLANG_WARN_RANGE_LOOP_ANALYSIS = YES;
				CLANG_WARN_STRICT_PROTOTYPES = YES;
				CLANG_WARN_SUSPICIOUS_MOVE = YES;
				CLANG_WARN_UNGUARDED_AVAILABILITY = YES_AGGRESSIVE;
				CLANG_WARN_UNREACHABLE_CODE = YES;
				CLANG_WARN__DUPLICATE_METHOD_MATCH = YES;
				CODE_SIGN_IDENTITY = "iPhone Developer";
				COPY_PHASE_STRIP = NO;
				DEBUG_INFORMATION_FORMAT = "dwarf-with-dsym";
				ENABLE_NS_ASSERTIONS = NO;
				ENABLE_STRICT_OBJC_MSGSEND = YES;
				GCC_C_LANGUAGE_STANDARD = gnu11;
				GCC_NO_COMMON_BLOCKS = YES;
				GCC_WARN_64_TO_32_BIT_CONVERSION = YES;
				GCC_WARN_ABOUT_RETURN_TYPE = YES_ERROR;
				GCC_WARN_UNDECLARED_SELECTOR = YES;
				GCC_WARN_UNINITIALIZED_AUTOS = YES_AGGRESSIVE;
				GCC_WARN_UNUSED_FUNCTION = YES;
				GCC_WARN_UNUSED_VARIABLE = YES;
				IPHONEOS_DEPLOYMENT_TARGET = 12.0;
				MTL_ENABLE_DEBUG_INFO = NO;
				MTL_FAST_MATH = YES;
				SDKROOT = iphoneos;
				VALIDATE_PRODUCT = YES;
			};
			name = Release;
		};
		062CD0DC21E6DC2000CB24FB /* Debug */ = {
			isa = XCBuildConfiguration;
			buildSettings = {
				ASSETCATALOG_COMPILER_APPICON_NAME = AppIcon;
				CODE_SIGN_STYLE = Automatic;
				DEVELOPMENT_TEAM = U2FJFS2W8C;
				INFOPLIST_FILE = "扩大按钮响应区域/Info.plist";
				LD_RUNPATH_SEARCH_PATHS = (
					"$(inherited)",
					"@executable_path/Frameworks",
				);
				PRODUCT_BUNDLE_IDENTIFIER = "com.pactera.Bank.--------";
				PRODUCT_NAME = "$(TARGET_NAME)";
				TARGETED_DEVICE_FAMILY = "1,2";
			};
			name = Debug;
		};
		062CD0DD21E6DC2000CB24FB /* Release */ = {
			isa = XCBuildConfiguration;
			buildSettings = {
				ASSETCATALOG_COMPILER_APPICON_NAME = AppIcon;
				CODE_SIGN_STYLE = Automatic;
				DEVELOPMENT_TEAM = U2FJFS2W8C;
				INFOPLIST_FILE = "扩大按钮响应区域/Info.plist";
				LD_RUNPATH_SEARCH_PATHS = (
					"$(inherited)",
					"@executable_path/Frameworks",
				);
				PRODUCT_BUNDLE_IDENTIFIER = "com.pactera.Bank.--------";
				PRODUCT_NAME = "$(TARGET_NAME)";
				TARGETED_DEVICE_FAMILY = "1,2";
			};
			name = Release;
		};
/* End XCBuildConfiguration section */

/* Begin XCConfigurationList section */
		062CD0C021E6DC1E00CB24FB /* Build configuration list for PBXProject "扩大按钮响应区域" */ = {
			isa = XCConfigurationList;
			buildConfigurations = (
				062CD0D921E6DC2000CB24FB /* Debug */,
				062CD0DA21E6DC2000CB24FB /* Release */,
			);
			defaultConfigurationIsVisible = 0;
			defaultConfigurationName = Release;
		};
		062CD0DB21E6DC2000CB24FB /* Build configuration list for PBXNativeTarget "扩大按钮响应区域" */ = {
			isa = XCConfigurationList;
			buildConfigurations = (
				062CD0DC21E6DC2000CB24FB /* Debug */,
				062CD0DD21E6DC2000CB24FB /* Release */,
			);
			defaultConfigurationIsVisible = 0;
			defaultConfigurationName = Release;
		};
/* End XCConfigurationList section */
	};
	rootObject = 062CD0BD21E6DC1E00CB24FB /* Project object */;
}
